
Microsoft Visual Studio Solution File, Format Version 12.00
# Visual Studio 15
VisualStudioVersion = 15.0.28307.1000
MinimumVisualStudioVersion = 10.0.40219.1
Project("{FAE04EC0-301F-11D3-BF4B-00C04F79EFBC}") = "CO453-A", "CO450\CO453-A.csproj", "{4AEDB033-1828-477D-A682-6485D96EF1C9}"
EndProject
Global
	GlobalSection(SolutionConfigurationPlatforms) = preSolution
		Debug|Any CPU = Debug|Any CPU
		Release|Any CPU = Release|Any CPU
	EndGlobalSection
	GlobalSection(ProjectConfigurationPlatforms) = postSolution
		{4AEDB033-1828-477D-A682-6485D96EF1C9}.Debug|Any CPU.ActiveCfg = Debug|Any CPU
		{4AEDB033-1828-477D-A682-6485D96EF1C9}.Debug|Any CPU.Build.0 = Debug|Any CPU
		{4AEDB033-1828-477D-A682-6485D96EF1C9}.Release|Any CPU.ActiveCfg = Release|Any CPU
		{4AEDB033-1828-477D-A682-6485D96EF1C9}.Release|Any CPU.Build.0 = Release|Any CPU
	EndGlobalSection
	GlobalSection(SolutionProperties) = preSolution
		HideSolutionNode = FALSE
	EndGlobalSection
	GlobalSection(ExtensibilityGlobals) = postSolution
		SolutionGuid = {0B94D0D0-565C-4361-B1AE-C7442B3BA93E}
	EndGlobalSection
EndGlobal
